
Microsoft Visual Studio Solution File, Format Version 12.00
# Visual Studio Version 17
VisualStudioVersion = 17.0.31903.59
MinimumVisualStudioVersion = 10.0.40219.1
Project("{2150E333-8FDC-42A3-9474-1A3956D46DE8}") = "src", "src", "{827E0CD3-B72D-47B6-A68D-7590B98EB39B}"
EndProject
Project("{FAE04EC0-301F-11D3-BF4B-00C04F79EFBC}") = "SecureGit.Core", "src\SecureGit.Core\SecureGit.Core.csproj", "{B4114D53-F602-452B-921A-A140FD68D755}"
EndProject
Project("{FAE04EC0-301F-11D3-BF4B-00C04F79EFBC}") = "SecureGit.Infrastructure", "src\SecureGit.Infrastructure\SecureGit.Infrastructure.csproj", "{93661572-8826-4401-BC23-5DCEE0C8E02F}"
EndProject
Project("{FAE04EC0-301F-11D3-BF4B-00C04F79EFBC}") = "SecureGit.Domain", "src\SecureGit.Domain\SecureGit.Domain.csproj", "{7E92D1E0-1FCE-480A-966A-275352A546DC}"
EndProject
Project("{FAE04EC0-301F-11D3-BF4B-00C04F79EFBC}") = "SecureGit.Cryptography", "src\SecureGit.Cryptography\SecureGit.Cryptography.csproj", "{AEEED320-E4F0-4474-A0D2-9419E219162B}"
EndProject
Project("{FAE04EC0-301F-11D3-BF4B-00C04F79EFBC}") = "SecureGit.Cli", "src\SecureGit.Cli\SecureGit.Cli.csproj", "{171C8307-BE2D-46CD-8F11-631DE1175FE3}"
EndProject
Project("{2150E333-8FDC-42A3-9474-1A3956D46DE8}") = "tests", "tests", "{0AB3BF05-4346-4AA6-1389-037BE0695223}"
EndProject
Project("{FAE04EC0-301F-11D3-BF4B-00C04F79EFBC}") = "SecureGit.Tests", "tests\SecureGit.Tests\SecureGit.Tests.csproj", "{D801BC55-8330-420A-BC06-5CAAD022F324}"
EndProject
Global
	GlobalSection(SolutionConfigurationPlatforms) = preSolution
		Debug|Any CPU = Debug|Any CPU
		Debug|x64 = Debug|x64
		Debug|x86 = Debug|x86
		Release|Any CPU = Release|Any CPU
		Release|x64 = Release|x64
		Release|x86 = Release|x86
	EndGlobalSection
	GlobalSection(ProjectConfigurationPlatforms) = postSolution
		{B4114D53-F602-452B-921A-A140FD68D755}.Debug|Any CPU.ActiveCfg = Debug|Any CPU
		{B4114D53-F602-452B-921A-A140FD68D755}.Debug|Any CPU.Build.0 = Debug|Any CPU
		{B4114D53-F602-452B-921A-A140FD68D755}.Debug|x64.ActiveCfg = Debug|Any CPU
		{B4114D53-F602-452B-921A-A140FD68D755}.Debug|x64.Build.0 = Debug|Any CPU
		{B4114D53-F602-452B-921A-A140FD68D755}.Debug|x86.ActiveCfg = Debug|Any CPU
		{B4114D53-F602-452B-921A-A140FD68D755}.Debug|x86.Build.0 = Debug|Any CPU
		{B4114D53-F602-452B-921A-A140FD68D755}.Release|Any CPU.ActiveCfg = Release|Any CPU
		{B4114D53-F602-452B-921A-A140FD68D755}.Release|Any CPU.Build.0 = Release|Any CPU
		{B4114D53-F602-452B-921A-A140FD68D755}.Release|x64.ActiveCfg = Release|Any CPU
		{B4114D53-F602-452B-921A-A140FD68D755}.Release|x64.Build.0 = Release|Any CPU
		{B4114D53-F602-452B-921A-A140FD68D755}.Release|x86.ActiveCfg = Release|Any CPU
		{B4114D53-F602-452B-921A-A140FD68D755}.Release|x86.Build.0 = Release|Any CPU
		{93661572-8826-4401-BC23-5DCEE0C8E02F}.Debug|Any CPU.ActiveCfg = Debug|Any CPU
		{93661572-8826-4401-BC23-5DCEE0C8E02F}.Debug|Any CPU.Build.0 = Debug|Any CPU
		{93661572-8826-4401-BC23-5DCEE0C8E02F}.Debug|x64.ActiveCfg = Debug|Any CPU
		{93661572-8826-4401-BC23-5DCEE0C8E02F}.Debug|x64.Build.0 = Debug|Any CPU
		{93661572-8826-4401-BC23-5DCEE0C8E02F}.Debug|x86.ActiveCfg = Debug|Any CPU
		{93661572-8826-4401-BC23-5DCEE0C8E02F}.Debug|x86.Build.0 = Debug|Any CPU
		{93661572-8826-4401-BC23-5DCEE0C8E02F}.Release|Any CPU.ActiveCfg = Release|Any CPU
		{93661572-8826-4401-BC23-5DCEE0C8E02F}.Release|Any CPU.Build.0 = Release|Any CPU
		{93661572-8826-4401-BC23-5DCEE0C8E02F}.Release|x64.ActiveCfg = Release|Any CPU
		{93661572-8826-4401-BC23-5DCEE0C8E02F}.Release|x64.Build.0 = Release|Any CPU
		{93661572-8826-4401-BC23-5DCEE0C8E02F}.Release|x86.ActiveCfg = Release|Any CPU
		{93661572-8826-4401-BC23-5DCEE0C8E02F}.Release|x86.Build.0 = Release|Any CPU
		{7E92D1E0-1FCE-480A-966A-275352A546DC}.Debug|Any CPU.ActiveCfg = Debug|Any CPU
		{7E92D1E0-1FCE-480A-966A-275352A546DC}.Debug|Any CPU.Build.0 = Debug|Any CPU
		{7E92D1E0-1FCE-480A-966A-275352A546DC}.Debug|x64.ActiveCfg = Debug|Any CPU
		{7E92D1E0-1FCE-480A-966A-275352A546DC}.Debug|x64.Build.0 = Debug|Any CPU
		{7E92D1E0-1FCE-480A-966A-275352A546DC}.Debug|x86.ActiveCfg = Debug|Any CPU
		{7E92D1E0-1FCE-480A-966A-275352A546DC}.Debug|x86.Build.0 = Debug|Any CPU
		{7E92D1E0-1FCE-480A-966A-275352A546DC}.Release|Any CPU.ActiveCfg = Release|Any CPU
		{7E92D1E0-1FCE-480A-966A-275352A546DC}.Release|Any CPU.Build.0 = Release|Any CPU
		{7E92D1E0-1FCE-480A-966A-275352A546DC}.Release|x64.ActiveCfg = Release|Any CPU
		{7E92D1E0-1FCE-480A-966A-275352A546DC}.Release|x64.Build.0 = Release|Any CPU
		{7E92D1E0-1FCE-480A-966A-275352A546DC}.Release|x86.ActiveCfg = Release|Any CPU
		{7E92D1E0-1FCE-480A-966A-275352A546DC}.Release|x86.Build.0 = Release|Any CPU
		{AEEED320-E4F0-4474-A0D2-9419E219162B}.Debug|Any CPU.ActiveCfg = Debug|Any CPU
		{AEEED320-E4F0-4474-A0D2-9419E219162B}.Debug|Any CPU.Build.0 = Debug|Any CPU
		{AEEED320-E4F0-4474-A0D2-9419E219162B}.Debug|x64.ActiveCfg = Debug|Any CPU
		{AEEED320-E4F0-4474-A0D2-9419E219162B}.Debug|x64.Build.0 = Debug|Any CPU
		{AEEED320-E4F0-4474-A0D2-9419E219162B}.Debug|x86.ActiveCfg = Debug|Any CPU
		{AEEED320-E4F0-4474-A0D2-9419E219162B}.Debug|x86.Build.0 = Debug|Any CPU
		{AEEED320-E4F0-4474-A0D2-9419E219162B}.Release|Any CPU.ActiveCfg = Release|Any CPU
		{AEEED320-E4F0-4474-A0D2-9419E219162B}.Release|Any CPU.Build.0 = Release|Any CPU
		{AEEED320-E4F0-4474-A0D2-9419E219162B}.Release|x64.ActiveCfg = Release|Any CPU
		{AEEED320-E4F0-4474-A0D2-9419E219162B}.Release|x64.Build.0 = Release|Any CPU
		{AEEED320-E4F0-4474-A0D2-9419E219162B}.Release|x86.ActiveCfg = Release|Any CPU
		{AEEED320-E4F0-4474-A0D2-9419E219162B}.Release|x86.Build.0 = Release|Any CPU
		{171C8307-BE2D-46CD-8F11-631DE1175FE3}.Debug|Any CPU.ActiveCfg = Debug|Any CPU
		{171C8307-BE2D-46CD-8F11-631DE1175FE3}.Debug|Any CPU.Build.0 = Debug|Any CPU
		{171C8307-BE2D-46CD-8F11-631DE1175FE3}.Debug|x64.ActiveCfg = Debug|Any CPU
		{171C8307-BE2D-46CD-8F11-631DE1175FE3}.Debug|x64.Build.0 = Debug|Any CPU
		{171C8307-BE2D-46CD-8F11-631DE1175FE3}.Debug|x86.ActiveCfg = Debug|Any CPU
		{171C8307-BE2D-46CD-8F11-631DE1175FE3}.Debug|x86.Build.0 = Debug|Any CPU
		{171C8307-BE2D-46CD-8F11-631DE1175FE3}.Release|Any CPU.ActiveCfg = Release|Any CPU
		{171C8307-BE2D-46CD-8F11-631DE1175FE3}.Release|Any CPU.Build.0 = Release|Any CPU
		{171C8307-BE2D-46CD-8F11-631DE1175FE3}.Release|x64.ActiveCfg = Release|Any CPU
		{171C8307-BE2D-46CD-8F11-631DE1175FE3}.Release|x64.Build.0 = Release|Any CPU
		{171C8307-BE2D-46CD-8F11-631DE1175FE3}.Release|x86.ActiveCfg = Release|Any CPU
		{171C8307-BE2D-46CD-8F11-631DE1175FE3}.Release|x86.Build.0 = Release|Any CPU
		{D801BC55-8330-420A-BC06-5CAAD022F324}.Debug|Any CPU.ActiveCfg = Debug|Any CPU
		{D801BC55-8330-420A-BC06-5CAAD022F324}.Debug|Any CPU.Build.0 = Debug|Any CPU
		{D801BC55-8330-420A-BC06-5CAAD022F324}.Debug|x64.ActiveCfg = Debug|Any CPU
		{D801BC55-8330-420A-BC06-5CAAD022F324}.Debug|x64.Build.0 = Debug|Any CPU
		{D801BC55-8330-420A-BC06-5CAAD022F324}.Debug|x86.ActiveCfg = Debug|Any CPU
		{D801BC55-8330-420A-BC06-5CAAD022F324}.Debug|x86.Build.0 = Debug|Any CPU
		{D801BC55-8330-420A-BC06-5CAAD022F324}.Release|Any CPU.ActiveCfg = Release|Any CPU
		{D801BC55-8330-420A-BC06-5CAAD022F324}.Release|Any CPU.Build.0 = Release|Any CPU
		{D801BC55-8330-420A-BC06-5CAAD022F324}.Release|x64.ActiveCfg = Release|Any CPU
		{D801BC55-8330-420A-BC06-5CAAD022F324}.Release|x64.Build.0 = Release|Any CPU
		{D801BC55-8330-420A-BC06-5CAAD022F324}.Release|x86.ActiveCfg = Release|Any CPU
		{D801BC55-8330-420A-BC06-5CAAD022F324}.Release|x86.Build.0 = Release|Any CPU
	EndGlobalSection
	GlobalSection(SolutionProperties) = preSolution
		HideSolutionNode = FALSE
	EndGlobalSection
	GlobalSection(NestedProjects) = preSolution
		{B4114D53-F602-452B-921A-A140FD68D755} = {827E0CD3-B72D-47B6-A68D-7590B98EB39B}
		{93661572-8826-4401-BC23-5DCEE0C8E02F} = {827E0CD3-B72D-47B6-A68D-7590B98EB39B}
		{7E92D1E0-1FCE-480A-966A-275352A546DC} = {827E0CD3-B72D-47B6-A68D-7590B98EB39B}
		{AEEED320-E4F0-4474-A0D2-9419E219162B} = {827E0CD3-B72D-47B6-A68D-7590B98EB39B}
		{171C8307-BE2D-46CD-8F11-631DE1175FE3} = {827E0CD3-B72D-47B6-A68D-7590B98EB39B}
		{D801BC55-8330-420A-BC06-5CAAD022F324} = {0AB3BF05-4346-4AA6-1389-037BE0695223}
	EndGlobalSection
EndGlobal
